Microsoft Visual Studio Solution File, Format Version 12.00
# Visual Studio Version 17
VisualStudioVersion = 17.5.002.0
MinimumVisualStudioVersion = 10.0.40219.1
Project("{FAE04EC0-301F-11D3-BF4B-00C04F79EFBC}") = "DDN-ODBC-Tester", "DDN-ODBC-Tester\DDN-ODBC-Tester.csproj", "{BD626E9E-0270-49A1-8634-82513B607B30}"
EndProject
Project("{FAE04EC0-301F-11D3-BF4B-00C04F79EFBC}") = "DDN-ODBC", "DDN-ODBC\DDN-ODBC.csproj", "{F0F0EDBF-19F1-4B16-B1CE-45F86526ABAD}"
EndProject
Project("{8BC9CEB8-8B4A-11D0-8D11-00A0C91BC942}") = "DDN-ODBC-Driver", "DDN-ODBC-Driver\DDN-ODBC-Driver.vcxproj", "{403120B3-740A-4A71-AE9F-BDEACCEB0E7A}"
EndProject
Global
    GlobalSection(SolutionConfigurationPlatforms) = preSolution
        Debug|Any CPU = Debug|Any CPU
        Debug|ARM64 = Debug|ARM64
        Debug|x64 = Debug|x64
        Release|Any CPU = Release|Any CPU
        Release|ARM64 = Release|ARM64
        Release|x64 = Release|x64
    EndGlobalSection
    GlobalSection(ProjectConfigurationPlatforms) = postSolution
        {BD626E9E-0270-49A1-8634-82513B607B30}.Debug|Any CPU.ActiveCfg = Debug|ARM64
        {BD626E9E-0270-49A1-8634-82513B607B30}.Debug|Any CPU.Build.0 = Debug|ARM64
        {BD626E9E-0270-49A1-8634-82513B607B30}.Debug|Any CPU.ActiveCfg = Debug|x64
        {BD626E9E-0270-49A1-8634-82513B607B30}.Debug|Any CPU.Build.0 = Debug|x64
        {BD626E9E-0270-49A1-8634-82513B607B30}.Debug|ARM64.ActiveCfg = Debug|ARM64
        {BD626E9E-0270-49A1-8634-82513B607B30}.Debug|ARM64.Build.0 = Debug|ARM64
        {BD626E9E-0270-49A1-8634-82513B607B30}.Debug|x64.ActiveCfg = Debug|x64
        {BD626E9E-0270-49A1-8634-82513B607B30}.Debug|x64.Build.0 = Debug|x64
        {BD626E9E-0270-49A1-8634-82513B607B30}.Release|Any CPU.ActiveCfg = Release|ARM64
        {BD626E9E-0270-49A1-8634-82513B607B30}.Release|Any CPU.Build.0 = Release|ARM64
        {BD626E9E-0270-49A1-8634-82513B607B30}.Release|Any CPU.ActiveCfg = Release|x64
        {BD626E9E-0270-49A1-8634-82513B607B30}.Release|Any CPU.Build.0 = Release|x64
        {BD626E9E-0270-49A1-8634-82513B607B30}.Release|ARM64.ActiveCfg = Release|ARM64
        {BD626E9E-0270-49A1-8634-82513B607B30}.Release|ARM64.Build.0 = Release|ARM64
        {BD626E9E-0270-49A1-8634-82513B607B30}.Release|x64.ActiveCfg = Release|x64
        {BD626E9E-0270-49A1-8634-82513B607B30}.Release|x64.Build.0 = Release|x64

        {F0F0EDBF-19F1-4B16-B1CE-45F86526ABAD}.Debug|Any CPU.ActiveCfg = Debug|ARM64
        {F0F0EDBF-19F1-4B16-B1CE-45F86526ABAD}.Debug|Any CPU.Build.0 = Debug|ARM64
        {F0F0EDBF-19F1-4B16-B1CE-45F86526ABAD}.Debug|Any CPU.ActiveCfg = Debug|x64
        {F0F0EDBF-19F1-4B16-B1CE-45F86526ABAD}.Debug|Any CPU.Build.0 = Debug|x64
        {F0F0EDBF-19F1-4B16-B1CE-45F86526ABAD}.Debug|ARM64.ActiveCfg = Debug|ARM64
        {F0F0EDBF-19F1-4B16-B1CE-45F86526ABAD}.Debug|ARM64.Build.0 = Debug|ARM64
        {F0F0EDBF-19F1-4B16-B1CE-45F86526ABAD}.Debug|x64.ActiveCfg = Debug|x64
        {F0F0EDBF-19F1-4B16-B1CE-45F86526ABAD}.Debug|x64.Build.0 = Debug|x64
        {F0F0EDBF-19F1-4B16-B1CE-45F86526ABAD}.Release|Any CPU.ActiveCfg = Release|ARM64
        {F0F0EDBF-19F1-4B16-B1CE-45F86526ABAD}.Release|Any CPU.Build.0 = Release|ARM64
        {F0F0EDBF-19F1-4B16-B1CE-45F86526ABAD}.Release|Any CPU.ActiveCfg = Release|x64
        {F0F0EDBF-19F1-4B16-B1CE-45F86526ABAD}.Release|Any CPU.Build.0 = Release|x64
        {F0F0EDBF-19F1-4B16-B1CE-45F86526ABAD}.Release|ARM64.ActiveCfg = Release|ARM64
        {F0F0EDBF-19F1-4B16-B1CE-45F86526ABAD}.Release|ARM64.Build.0 = Release|ARM64
        {F0F0EDBF-19F1-4B16-B1CE-45F86526ABAD}.Release|x64.ActiveCfg = Release|x64
        {F0F0EDBF-19F1-4B16-B1CE-45F86526ABAD}.Release|x64.Build.0 = Release|x64

        {403120B3-740A-4A71-AE9F-BDEACCEB0E7A}.Debug|Any CPU.ActiveCfg = Debug|ARM64
        {403120B3-740A-4A71-AE9F-BDEACCEB0E7A}.Debug|Any CPU.Build.0 = Debug|ARM64
        {403120B3-740A-4A71-AE9F-BDEACCEB0E7A}.Debug|Any CPU.ActiveCfg = Debug|x64
        {403120B3-740A-4A71-AE9F-BDEACCEB0E7A}.Debug|Any CPU.Build.0 = Debug|x64
        {403120B3-740A-4A71-AE9F-BDEACCEB0E7A}.Debug|ARM64.ActiveCfg = Debug|ARM64
        {403120B3-740A-4A71-AE9F-BDEACCEB0E7A}.Debug|ARM64.Build.0 = Debug|ARM64
        {403120B3-740A-4A71-AE9F-BDEACCEB0E7A}.Debug|x64.ActiveCfg = Debug|x64
        {403120B3-740A-4A71-AE9F-BDEACCEB0E7A}.Debug|x64.Build.0 = Debug|x64
        {403120B3-740A-4A71-AE9F-BDEACCEB0E7A}.Release|Any CPU.ActiveCfg = Release|ARM64
        {403120B3-740A-4A71-AE9F-BDEACCEB0E7A}.Release|Any CPU.Build.0 = Release|ARM64
        {403120B3-740A-4A71-AE9F-BDEACCEB0E7A}.Release|Any CPU.ActiveCfg = Release|x64
        {403120B3-740A-4A71-AE9F-BDEACCEB0E7A}.Release|Any CPU.Build.0 = Release|x64
        {403120B3-740A-4A71-AE9F-BDEACCEB0E7A}.Release|ARM64.ActiveCfg = Release|ARM64
        {403120B3-740A-4A71-AE9F-BDEACCEB0E7A}.Release|ARM64.Build.0 = Release|ARM64
        {403120B3-740A-4A71-AE9F-BDEACCEB0E7A}.Release|x64.ActiveCfg = Release|x64
        {403120B3-740A-4A71-AE9F-BDEACCEB0E7A}.Release|x64.Build.0 = Release|x64
    EndGlobalSection
    GlobalSection(SolutionProperties) = preSolution
        HideSolutionNode = FALSE
    EndGlobalSection
    GlobalSection(ExtensibilityGlobals) = postSolution
        SolutionGuid = {C87A2184-733D-4127-86EE-CDF175E7BDE5}
    EndGlobalSection
EndGlobal